// !$*UTF8*$!
{
	archiveVersion = 1;
	classes = {
	};
	objectVersion = 77;
	objects = {

/* Begin PBXContainerItemProxy section */
		3ED4CB2F2E70FA1D00B25EA5 /* PBXContainerItemProxy */ = {
			isa = PBXContainerItemProxy;
			containerPortal = 3ED4CB192E70FA1B00B25EA5 /* Project object */;
			proxyType = 1;
			remoteGlobalIDString = 3ED4CB202E70FA1B00B25EA5;
			remoteInfo = "Skin Sense";
		};
		3ED4CB392E70FA1D00B25EA5 /* PBXContainerItemProxy */ = {
			isa = PBXContainerItemProxy;
			containerPortal = 3ED4CB192E70FA1B00B25EA5 /* Project object */;
			proxyType = 1;
			remoteGlobalIDString = 3ED4CB202E70FA1B00B25EA5;
			remoteInfo = "Skin Sense";
		};
/* End PBXContainerItemProxy section */

/* Begin PBXFileReference section */
		3ED4CB212E70FA1B00B25EA5 /* Skin Sense.app */ = {isa = PBXFileReference; explicitFileType = wrapper.application; includeInIndex = 0; path = "Skin Sense.app"; sourceTree = BUILT_PRODUCTS_DIR; };
		3ED4CB2E2E70FA1D00B25EA5 /* Skin SenseTests.xctest */ = {isa = PBXFileReference; explicitFileType = wrapper.cfbundle; includeInIndex = 0; path = "Skin SenseTests.xctest"; sourceTree = BUILT_PRODUCTS_DIR; };
		3ED4CB382E70FA1D00B25EA5 /* Skin SenseUITests.xctest */ = {isa = PBXFileReference; explicitFileType = wrapper.cfbundle; includeInIndex = 0; path = "Skin SenseUITests.xctest"; sourceTree = BUILT_PRODUCTS_DIR; };
/* End PBXFileReference section */

/* Begin PBXFileSystemSynchronizedRootGroup section */
		3ED4CB232E70FA1B00B25EA5 /* Skin Sense */ = {
			isa = PBXFileSystemSynchronizedRootGroup;
			path = "Skin Sense";
			sourceTree = "<group>";
		};
		3ED4CB312E70FA1D00B25EA5 /* Skin SenseTests */ = {
			isa = PBXFileSystemSynchronizedRootGroup;
			path = "Skin SenseTests";
			sourceTree = "<group>";
		};
		3ED4CB3B2E70FA1D00B25EA5 /* Skin SenseUITests */ = {
			isa = PBXFileSystemSynchronizedRootGroup;
			path = "Skin SenseUITests";
			sourceTree = "<group>";
		};
/* End PBXFileSystemSynchronizedRootGroup section */

/* Begin PBXFrameworksBuildPhase section */
		3ED4CB1E2E70FA1B00B25EA5 /* Frameworks */ = {
			isa = PBXFrameworksBuildPhase;
			buildActionMask = 2147483647;
			files = (
			);
			runOnlyForDeploymentPostprocessing = 0;
		};
		3ED4CB2B2E70FA1D00B25EA5 /* Frameworks */ = {
			isa = PBXFrameworksBuildPhase;
			buildActionMask = 2147483647;
			files = (
			);
			runOnlyForDeploymentPostprocessing = 0;
		};
		3ED4CB352E70FA1D00B25EA5 /* Frameworks */ = {
			isa = PBXFrameworksBuildPhase;
			buildActionMask = 2147483647;
			files = (
			);
			runOnlyForDeploymentPostprocessing = 0;
		};
/* End PBXFrameworksBuildPhase section */

/* Begin PBXGroup section */
		3ED4CB182E70FA1B00B25EA5 = {
			isa = PBXGroup;
			children = (
				3ED4CB232E70FA1B00B25EA5 /* Skin Sense */,
				3ED4CB312E70FA1D00B25EA5 /* Skin SenseTests */,
				3ED4CB3B2E70FA1D00B25EA5 /* Skin SenseUITests */,
				3ED4CB222E70FA1B00B25EA5 /* Products */,
			);
			sourceTree = "<group>";
		};
		3ED4CB222E70FA1B00B25EA5 /* Products */ = {
			isa = PBXGroup;
			children = (
				3ED4CB212E70FA1B00B25EA5 /* Skin Sense.app */,
				3ED4CB2E2E70FA1D00B25EA5 /* Skin SenseTests.xctest */,
				3ED4CB382E70FA1D00B25EA5 /* Skin SenseUITests.xctest */,
			);
			name = Products;
			sourceTree = "<group>";
		};
/* End PBXGroup section */

/* Begin PBXNativeTarget section */
		3ED4CB202E70FA1B00B25EA5 /* Skin Sense */ = {
			isa = PBXNativeTarget;
			buildConfigurationList = 3ED4CB422E70FA1D00B25EA5 /* Build configuration list for PBXNativeTarget "Skin Sense" */;
			buildPhases = (
				3ED4CB1D2E70FA1B00B25EA5 /* Sources */,
				3ED4CB1E2E70FA1B00B25EA5 /* Frameworks */,
				3ED4CB1F2E70FA1B00B25EA5 /* Resources */,
			);
			buildRules = (
			);
			dependencies = (
			);
			fileSystemSynchronizedGroups = (
				3ED4CB232E70FA1B00B25EA5 /* Skin Sense */,
			);
			name = "Skin Sense";
			packageProductDependencies = (
			);
			productName = "Skin Sense";
			productReference = 3ED4CB212E70FA1B00B25EA5 /* Skin Sense.app */;
			productType = "com.apple.product-type.application";
		};
		3ED4CB2D2E70FA1D00B25EA5 /* Skin SenseTests */ = {
			isa = PBXNativeTarget;
			buildConfigurationList = 3ED4CB452E70FA1D00B25EA5 /* Build configuration list for PBXNativeTarget "Skin SenseTests" */;
			buildPhases = (
				3ED4CB2A2E70FA1D00B25EA5 /* Sources */,
				3ED4CB2B2E70FA1D00B25EA5 /* Frameworks */,
				3ED4CB2C2E70FA1D00B25EA5 /* Resources */,
			);
			buildRules = (
			);
			dependencies = (
				3ED4CB302E70FA1D00B25EA5 /* PBXTargetDependency */,
			);
			fileSystemSynchronizedGroups = (
				3ED4CB312E70FA1D00B25EA5 /* Skin SenseTests */,
			);
			name = "Skin SenseTests";
			packageProductDependencies = (
			);
			productName = "Skin SenseTests";
			productReference = 3ED4CB2E2E70FA1D00B25EA5 /* Skin SenseTests.xctest */;
			productType = "com.apple.product-type.bundle.unit-test";
		};
		3ED4CB372E70FA1D00B25EA5 /* Skin SenseUITests */ = {
			isa = PBXNativeTarget;
			buildConfigurationList = 3ED4CB482E70FA1D00B25EA5 /* Build configuration list for PBXNativeTarget "Skin SenseUITests" */;
			buildPhases = (
				3ED4CB342E70FA1D00B25EA5 /* Sources */,
				3ED4CB352E70FA1D00B25EA5 /* Frameworks */,
				3ED4CB362E70FA1D00B25EA5 /* Resources */,
			);
			buildRules = (
			);
			dependencies = (
				3ED4CB3A2E70FA1D00B25EA5 /* PBXTargetDependency */,
			);
			fileSystemSynchronizedGroups = (
				3ED4CB3B2E70FA1D00B25EA5 /* Skin SenseUITests */,
			);
			name = "Skin SenseUITests";
			packageProductDependencies = (
			);
			productName = "Skin SenseUITests";
			productReference = 3ED4CB382E70FA1D00B25EA5 /* Skin SenseUITests.xctest */;
			productType = "com.apple.product-type.bundle.ui-testing";
		};
/* End PBXNativeTarget section */

/* Begin PBXProject section */
		3ED4CB192E70FA1B00B25EA5 /* Project object */ = {
			isa = PBXProject;
			attributes = {
				BuildIndependentTargetsInParallel = 1;
				LastSwiftUpdateCheck = 1640;
				LastUpgradeCheck = 1640;
				TargetAttributes = {
					3ED4CB202E70FA1B00B25EA5 = {
						CreatedOnToolsVersion = 16.4;
					};
					3ED4CB2D2E70FA1D00B25EA5 = {
						CreatedOnToolsVersion = 16.4;
						TestTargetID = 3ED4CB202E70FA1B00B25EA5;
					};
					3ED4CB372E70FA1D00B25EA5 = {
						CreatedOnToolsVersion = 16.4;
						TestTargetID = 3ED4CB202E70FA1B00B25EA5;
					};
				};
			};
			buildConfigurationList = 3ED4CB1C2E70FA1B00B25EA5 /* Build configuration list for PBXProject "Skin Sense" */;
			developmentRegion = en;
			hasScannedForEncodings = 0;
			knownRegions = (
				en,
				Base,
			);
			mainGroup = 3ED4CB182E70FA1B00B25EA5;
			minimizedProjectReferenceProxies = 1;
			preferredProjectObjectVersion = 77;
			productRefGroup = 3ED4CB222E70FA1B00B25EA5 /* Products */;
			projectDirPath = "";
			projectRoot = "";
			targets = (
				3ED4CB202E70FA1B00B25EA5 /* Skin Sense */,
				3ED4CB2D2E70FA1D00B25EA5 /* Skin SenseTests */,
				3ED4CB372E70FA1D00B25EA5 /* Skin SenseUITests */,
			);
		};
/* End PBXProject section */

/* Begin PBXResourcesBuildPhase section */
		3ED4CB1F2E70FA1B00B25EA5 /* Resources */ = {
			isa = PBXResourcesBuildPhase;
			buildActionMask = 2147483647;
			files = (
			);
			runOnlyForDeploymentPostprocessing = 0;
		};
		3ED4CB2C2E70FA1D00B25EA5 /* Resources */ = {
			isa = PBXResourcesBuildPhase;
			buildActionMask = 2147483647;
			files = (
			);
			runOnlyForDeploymentPostprocessing = 0;
		};
		3ED4CB362E70FA1D00B25EA5 /* Resources */ = {
			isa = PBXResourcesBuildPhase;
			buildActionMask = 2147483647;
			files = (
			);
			runOnlyForDeploymentPostprocessing = 0;
		};
/* End PBXResourcesBuildPhase section */

/* Begin PBXSourcesBuildPhase section */
		3ED4CB1D2E70FA1B00B25EA5 /* Sources */ = {
			isa = PBXSourcesBuildPhase;
			buildActionMask = 2147483647;
			files = (
			);
			runOnlyForDeploymentPostprocessing = 0;
		};
		3ED4CB2A2E70FA1D00B25EA5 /* Sources */ = {
			isa = PBXSourcesBuildPhase;
			buildActionMask = 2147483647;
			files = (
			);
			runOnlyForDeploymentPostprocessing = 0;
		};
		3ED4CB342E70FA1D00B25EA5 /* Sources */ = {
			isa = PBXSourcesBuildPhase;
			buildActionMask = 2147483647;
			files = (
			);
			runOnlyForDeploymentPostprocessing = 0;
		};
/* End PBXSourcesBuildPhase section */

/* Begin PBXTargetDependency section */
		3ED4CB302E70FA1D00B25EA5 /* PBXTargetDependency */ = {
			isa = PBXTargetDependency;
			target = 3ED4CB202E70FA1B00B25EA5 /* Skin Sense */;
			targetProxy = 3ED4CB2F2E70FA1D00B25EA5 /* PBXContainerItemProxy */;
		};
		3ED4CB3A2E70FA1D00B25EA5 /* PBXTargetDependency */ = {
			isa = PBXTargetDependency;
			target = 3ED4CB202E70FA1B00B25EA5 /* Skin Sense */;
			targetProxy = 3ED4CB392E70FA1D00B25EA5 /* PBXContainerItemProxy */;
		};
/* End PBXTargetDependency section */

/* Begin XCBuildConfiguration section */
		3ED4CB402E70FA1D00B25EA5 /* Debug */ = {
			isa = XCBuildConfiguration;
			buildSettings = {
				ALWAYS_SEARCH_USER_PATHS = NO;
				ASSETCATALOG_COMPILER_GENERATE_SWIFT_ASSET_SYMBOL_EXTENSIONS = YES;
				CLANG_ANALYZER_NONNULL = YES;
				CLANG_ANALYZER_NUMBER_OBJECT_CONVERSION = YES_AGGRESSIVE;
				CLANG_CXX_LANGUAGE_STANDARD = "gnu++20";
				CLANG_ENABLE_MODULES = YES;
				CLANG_ENABLE_OBJC_ARC = YES;
				CLANG_ENABLE_OBJC_WEAK = YES;
				CLANG_WARN_BLOCK_CAPTURE_AUTORELEASING = YES;
				CLANG_WARN_BOOL_CONVERSION = YES;
				CLANG_WARN_COMMA = YES;
				CLANG_WARN_CONSTANT_CONVERSION = YES;
				CLANG_WARN_DEPRECATED_OBJC_IMPLEMENTATIONS = YES;
				CLANG_WARN_DIRECT_OBJC_ISA_USAGE = YES_ERROR;
				CLANG_WARN_DOCUMENTATION_COMMENTS = YES;
				CLANG_WARN_EMPTY_BODY = YES;
				CLANG_WARN_ENUM_CONVERSION = YES;
				CLANG_WARN_INFINITE_RECURSION = YES;
				CLANG_WARN_INT_CONVERSION = YES;
				CLANG_WARN_NON_LITERAL_NULL_CONVERSION = YES;
				CLANG_WARN_OBJC_IMPLICIT_RETAIN_SELF = YES;
				CLANG_WARN_OBJC_LITERAL_CONVERSION = YES;
				CLANG_WARN_OBJC_ROOT_CLASS = YES_ERROR;
				CLANG_WARN_QUOTED_INCLUDE_IN_FRAMEWORK_HEADER = YES;
				CLANG_WARN_RANGE_LOOP_ANALYSIS = YES;
				CLANG_WARN_STRICT_PROTOTYPES = YES;
				CLANG_WARN_SUSPICIOUS_MOVE = YES;
				CLANG_WARN_UNGUARDED_AVAILABILITY = YES_AGGRESSIVE;
				CLANG_WARN_UNREACHABLE_CODE = YES;
				CLANG_WARN__DUPLICATE_METHOD_MATCH = YES;
				COPY_PHASE_STRIP = NO;
				DEBUG_INFORMATION_FORMAT = dwarf;
				ENABLE_STRICT_OBJC_MSGSEND = YES;
				ENABLE_TESTABILITY = YES;
				ENABLE_USER_SCRIPT_SANDBOXING = YES;
				GCC_C_LANGUAGE_STANDARD = gnu17;
				GCC_DYNAMIC_NO_PIC = NO;
				GCC_NO_COMMON_BLOCKS = YES;
				GCC_OPTIMIZATION_LEVEL = 0;
				GCC_PREPROCESSOR_DEFINITIONS = (
					"DEBUG=1",
					"$(inherited)",
				);
				GCC_WARN_64_TO_32_BIT_CONVERSION = YES;
				GCC_WARN_ABOUT_RETURN_TYPE = YES_ERROR;
				GCC_WARN_UNDECLARED_SELECTOR = YES;
				GCC_WARN_UNINITIALIZED_AUTOS = YES_AGGRESSIVE;
				GCC_WARN_UNUSED_FUNCTION = YES;
				GCC_WARN_UNUSED_VARIABLE = YES;
				IPHONEOS_DEPLOYMENT_TARGET = 18.5;
				LOCALIZATION_PREFERS_STRING_CATALOGS = YES;
				MTL_ENABLE_DEBUG_INFO = INCLUDE_SOURCE;
				MTL_FAST_MATH = YES;
				ONLY_ACTIVE_ARCH = YES;
				SDKROOT = iphoneos;
				SWIFT_ACTIVE_COMPILATION_CONDITIONS = "DEBUG $(inherited)";
				SWIFT_OPTIMIZATION_LEVEL = "-Onone";
			};
			name = Debug;
		};
		3ED4CB412E70FA1D00B25EA5 /* Release */ = {
			isa = XCBuildConfiguration;
			buildSettings = {
				ALWAYS_SEARCH_USER_PATHS = NO;
				ASSETCATALOG_COMPILER_GENERATE_SWIFT_ASSET_SYMBOL_EXTENSIONS = YES;
				CLANG_ANALYZER_NONNULL = YES;
				CLANG_ANALYZER_NUMBER_OBJECT_CONVERSION = YES_AGGRESSIVE;
				CLANG_CXX_LANGUAGE_STANDARD = "gnu++20";
				CLANG_ENABLE_MODULES = YES;
				CLANG_ENABLE_OBJC_ARC = YES;
				CLANG_ENABLE_OBJC_WEAK = YES;
				CLANG_WARN_BLOCK_CAPTURE_AUTORELEASING = YES;
				CLANG_WARN_BOOL_CONVERSION = YES;
				CLANG_WARN_COMMA = YES;
				CLANG_WARN_CONSTANT_CONVERSION = YES;
				CLANG_WARN_DEPRECATED_OBJC_IMPLEMENTATIONS = YES;
				CLANG_WARN_DIRECT_OBJC_ISA_USAGE = YES_ERROR;
				CLANG_WARN_DOCUMENTATION_COMMENTS = YES;
				CLANG_WARN_EMPTY_BODY = YES;
				CLANG_WARN_ENUM_CONVERSION = YES;
				CLANG_WARN_INFINITE_RECURSION = YES;
				CLANG_WARN_INT_CONVERSION = YES;
				CLANG_WARN_NON_LITERAL_NULL_CONVERSION = YES;
				CLANG_WARN_OBJC_IMPLICIT_RETAIN_SELF = YES;
				CLANG_WARN_OBJC_LITERAL_CONVERSION = YES;
				CLANG_WARN_OBJC_ROOT_CLASS = YES_ERROR;
				CLANG_WARN_QUOTED_INCLUDE_IN_FRAMEWORK_HEADER = YES;
				CLANG_WARN_RANGE_LOOP_ANALYSIS = YES;
				CLANG_WARN_STRICT_PROTOTYPES = YES;
				CLANG_WARN_SUSPICIOUS_MOVE = YES;
				CLANG_WARN_UNGUARDED_AVAILABILITY = YES_AGGRESSIVE;
				CLANG_WARN_UNREACHABLE_CODE = YES;
				CLANG_WARN__DUPLICATE_METHOD_MATCH = YES;
				COPY_PHASE_STRIP = NO;
				DEBUG_INFORMATION_FORMAT = "dwarf-with-dsym";
				ENABLE_NS_ASSERTIONS = NO;
				ENABLE_STRICT_OBJC_MSGSEND = YES;
				ENABLE_USER_SCRIPT_SANDBOXING = YES;
				GCC_C_LANGUAGE_STANDARD = gnu17;
				GCC_NO_COMMON_BLOCKS = YES;
				GCC_WARN_64_TO_32_BIT_CONVERSION = YES;
				GCC_WARN_ABOUT_RETURN_TYPE = YES_ERROR;
				GCC_WARN_UNDECLARED_SELECTOR = YES;
				GCC_WARN_UNINITIALIZED_AUTOS = YES_AGGRESSIVE;
				GCC_WARN_UNUSED_FUNCTION = YES;
				GCC_WARN_UNUSED_VARIABLE = YES;
				IPHONEOS_DEPLOYMENT_TARGET = 18.5;
				LOCALIZATION_PREFERS_STRING_CATALOGS = YES;
				MTL_ENABLE_DEBUG_INFO = NO;
				MTL_FAST_MATH = YES;
				SDKROOT = iphoneos;
				SWIFT_COMPILATION_MODE = wholemodule;
				VALIDATE_PRODUCT = YES;
			};
			name = Release;
		};
		3ED4CB432E70FA1D00B25EA5 /* Debug */ = {
			isa = XCBuildConfiguration;
			buildSettings = {
				ASSETCATALOG_COMPILER_APPICON_NAME = AppIcon;
				ASSETCATALOG_COMPILER_GLOBAL_ACCENT_COLOR_NAME = AccentColor;
				CODE_SIGN_STYLE = Automatic;
				CURRENT_PROJECT_VERSION = 1;
				ENABLE_PREVIEWS = YES;
				GENERATE_INFOPLIST_FILE = YES;
				INFOPLIST_KEY_UIApplicationSceneManifest_Generation = YES;
				INFOPLIST_KEY_UIApplicationSupportsIndirectInputEvents = YES;
				INFOPLIST_KEY_UILaunchScreen_Generation = YES;
				INFOPLIST_KEY_UISupportedInterfaceOrientations_iPad = "UIInterfaceOrientationPortrait UIInterfaceOrientationPortraitUpsideDown UIInterfaceOrientationLandscapeLeft UIInterfaceOrientationLandscapeRight";
				INFOPLIST_KEY_UISupportedInterfaceOrientations_iPhone = "UIInterfaceOrientationPortrait UIInterfaceOrientationLandscapeLeft UIInterfaceOrientationLandscapeRight";
				LD_RUNPATH_SEARCH_PATHS = (
					"$(inherited)",
					"@executable_path/Frameworks",
				);
				MARKETING_VERSION = 1.0;
				PRODUCT_BUNDLE_IDENTIFIER = "john.Skin-Sense";
				PRODUCT_NAME = "$(TARGET_NAME)";
				SWIFT_EMIT_LOC_STRINGS = YES;
				SWIFT_VERSION = 5.0;
				TARGETED_DEVICE_FAMILY = "1,2";
			};
			name = Debug;
		};
		3ED4CB442E70FA1D00B25EA5 /* Release */ = {
			isa = XCBuildConfiguration;
			buildSettings = {
				ASSETCATALOG_COMPILER_APPICON_NAME = AppIcon;
				ASSETCATALOG_COMPILER_GLOBAL_ACCENT_COLOR_NAME = AccentColor;
				CODE_SIGN_STYLE = Automatic;
				CURRENT_PROJECT_VERSION = 1;
				ENABLE_PREVIEWS = YES;
				GENERATE_INFOPLIST_FILE = YES;
				INFOPLIST_KEY_UIApplicationSceneManifest_Generation = YES;
				INFOPLIST_KEY_UIApplicationSupportsIndirectInputEvents = YES;
				INFOPLIST_KEY_UILaunchScreen_Generation = YES;
				INFOPLIST_KEY_UISupportedInterfaceOrientations_iPad = "UIInterfaceOrientationPortrait UIInterfaceOrientationPortraitUpsideDown UIInterfaceOrientationLandscapeLeft UIInterfaceOrientationLandscapeRight";
				INFOPLIST_KEY_UISupportedInterfaceOrientations_iPhone = "UIInterfaceOrientationPortrait UIInterfaceOrientationLandscapeLeft UIInterfaceOrientationLandscapeRight";
				LD_RUNPATH_SEARCH_PATHS = (
					"$(inherited)",
					"@executable_path/Frameworks",
				);
				MARKETING_VERSION = 1.0;
				PRODUCT_BUNDLE_IDENTIFIER = "john.Skin-Sense";
				PRODUCT_NAME = "$(TARGET_NAME)";
				SWIFT_EMIT_LOC_STRINGS = YES;
				SWIFT_VERSION = 5.0;
				TARGETED_DEVICE_FAMILY = "1,2";
			};
			name = Release;
		};
		3ED4CB462E70FA1D00B25EA5 /* Debug */ = {
			isa = XCBuildConfiguration;
			buildSettings = {
				BUNDLE_LOADER = "$(TEST_HOST)";
				CODE_SIGN_STYLE = Automatic;
				CURRENT_PROJECT_VERSION = 1;
				GENERATE_INFOPLIST_FILE = YES;
				IPHONEOS_DEPLOYMENT_TARGET = 18.5;
				MARKETING_VERSION = 1.0;
				PRODUCT_BUNDLE_IDENTIFIER = "john.Skin-SenseTests";
				PRODUCT_NAME = "$(TARGET_NAME)";
				SWIFT_EMIT_LOC_STRINGS = NO;
				SWIFT_VERSION = 5.0;
				TARGETED_DEVICE_FAMILY = "1,2";
				TEST_HOST = "$(BUILT_PRODUCTS_DIR)/Skin Sense.app/$(BUNDLE_EXECUTABLE_FOLDER_PATH)/Skin Sense";
			};
			name = Debug;
		};
		3ED4CB472E70FA1D00B25EA5 /* Release */ = {
			isa = XCBuildConfiguration;
			buildSettings = {
				BUNDLE_LOADER = "$(TEST_HOST)";
				CODE_SIGN_STYLE = Automatic;
				CURRENT_PROJECT_VERSION = 1;
				GENERATE_INFOPLIST_FILE = YES;
				IPHONEOS_DEPLOYMENT_TARGET = 18.5;
				MARKETING_VERSION = 1.0;
				PRODUCT_BUNDLE_IDENTIFIER = "john.Skin-SenseTests";
				PRODUCT_NAME = "$(TARGET_NAME)";
				SWIFT_EMIT_LOC_STRINGS = NO;
				SWIFT_VERSION = 5.0;
				TARGETED_DEVICE_FAMILY = "1,2";
				TEST_HOST = "$(BUILT_PRODUCTS_DIR)/Skin Sense.app/$(BUNDLE_EXECUTABLE_FOLDER_PATH)/Skin Sense";
			};
			name = Release;
		};
		3ED4CB492E70FA1D00B25EA5 /* Debug */ = {
			isa = XCBuildConfiguration;
			buildSettings = {
				CODE_SIGN_STYLE = Automatic;
				CURRENT_PROJECT_VERSION = 1;
				GENERATE_INFOPLIST_FILE = YES;
				MARKETING_VERSION = 1.0;
				PRODUCT_BUNDLE_IDENTIFIER = "john.Skin-SenseUITests";
				PRODUCT_NAME = "$(TARGET_NAME)";
				SWIFT_EMIT_LOC_STRINGS = NO;
				SWIFT_VERSION = 5.0;
				TARGETED_DEVICE_FAMILY = "1,2";
				TEST_TARGET_NAME = "Skin Sense";
			};
			name = Debug;
		};
		3ED4CB4A2E70FA1D00B25EA5 /* Release */ = {
			isa = XCBuildConfiguration;
			buildSettings = {
				CODE_SIGN_STYLE = Automatic;
				CURRENT_PROJECT_VERSION = 1;
				GENERATE_INFOPLIST_FILE = YES;
				MARKETING_VERSION = 1.0;
				PRODUCT_BUNDLE_IDENTIFIER = "john.Skin-SenseUITests";
				PRODUCT_NAME = "$(TARGET_NAME)";
				SWIFT_EMIT_LOC_STRINGS = NO;
				SWIFT_VERSION = 5.0;
				TARGETED_DEVICE_FAMILY = "1,2";
				TEST_TARGET_NAME = "Skin Sense";
			};
			name = Release;
		};
/* End XCBuildConfiguration section */

/* Begin XCConfigurationList section */
		3ED4CB1C2E70FA1B00B25EA5 /* Build configuration list for PBXProject "Skin Sense" */ = {
			isa = XCConfigurationList;
			buildConfigurations = (
				3ED4CB402E70FA1D00B25EA5 /* Debug */,
				3ED4CB412E70FA1D00B25EA5 /* Release */,
			);
			defaultConfigurationIsVisible = 0;
			defaultConfigurationName = Release;
		};
		3ED4CB422E70FA1D00B25EA5 /* Build configuration list for PBXNativeTarget "Skin Sense" */ = {
			isa = XCConfigurationList;
			buildConfigurations = (
				3ED4CB432E70FA1D00B25EA5 /* Debug */,
				3ED4CB442E70FA1D00B25EA5 /* Release */,
			);
			defaultConfigurationIsVisible = 0;
			defaultConfigurationName = Release;
		};
		3ED4CB452E70FA1D00B25EA5 /* Build configuration list for PBXNativeTarget "Skin SenseTests" */ = {
			isa = XCConfigurationList;
			buildConfigurations = (
				3ED4CB462E70FA1D00B25EA5 /* Debug */,
				3ED4CB472E70FA1D00B25EA5 /* Release */,
			);
			defaultConfigurationIsVisible = 0;
			defaultConfigurationName = Release;
		};
		3ED4CB482E70FA1D00B25EA5 /* Build configuration list for PBXNativeTarget "Skin SenseUITests" */ = {
			isa = XCConfigurationList;
			buildConfigurations = (
				3ED4CB492E70FA1D00B25EA5 /* Debug */,
				3ED4CB4A2E70FA1D00B25EA5 /* Release */,
			);
			defaultConfigurationIsVisible = 0;
			defaultConfigurationName = Release;
		};
/* End XCConfigurationList section */
	};
	rootObject = 3ED4CB192E70FA1B00B25EA5 /* Project object */;
}
